
Microsoft Visual Studio Solution File, Format Version 12.00
# Visual Studio Version 17
VisualStudioVersion = 17.5.2.0
MinimumVisualStudioVersion = 10.0.40219.1
Project("{FAE04EC0-301F-11D3-BF4B-00C04F79EFBC}") = "poke-battle-api", "poke-battle-api\poke-battle-api.csproj", "{F8C13FC6-00AF-4287-5D1E-336D535517D5}"
EndProject
Project("{FAE04EC0-301F-11D3-BF4B-00C04F79EFBC}") = "poke-battle-models", "poke-battle-models\poke-battle-models.csproj", "{1A6C0AA4-5C56-4123-87E7-4E5787876D6E}"
EndProject
Project("{FAE04EC0-301F-11D3-BF4B-00C04F79EFBC}") = "poke-battle-infraestructure", "poke-battle-infraestructure\poke-battle-infraestructure.csproj", "{4AB419E5-53E8-4FBE-952F-621B982D1E05}"
EndProject
Project("{FAE04EC0-301F-11D3-BF4B-00C04F79EFBC}") = "poke-battle-services", "poke-battle-services\poke-battle-services.csproj", "{47733BD4-48AF-4354-AF48-11DEBF6455B1}"
EndProject
Project("{FAE04EC0-301F-11D3-BF4B-00C04F79EFBC}") = "poke-battle-core", "poke-battle-core\poke-battle-core.csproj", "{CF0BF02A-0E3D-415A-B6D7-76CCE48D314F}"
EndProject
Project("{FAE04EC0-301F-11D3-BF4B-00C04F79EFBC}") = "poke-battle-console", "poke-battle-console\poke-battle-console.csproj", "{B6BF09FA-F948-4C29-96CD-09C489B4A1F0}"
EndProject
Project("{FAE04EC0-301F-11D3-BF4B-00C04F79EFBC}") = "poke-battle-tests", "poke-battle-tests\poke-battle-tests.csproj", "{5D207983-8FEB-467E-84D1-7A91200C4E80}"
EndProject
Project("{FAE04EC0-301F-11D3-BF4B-00C04F79EFBC}") = "poke-battle-bridge", "poke-battle-bridge\poke-battle-bridge.csproj", "{2BAB7B47-9FAC-4B58-99A0-B6F72C5D1230}"
EndProject
Global
	GlobalSection(SolutionConfigurationPlatforms) = preSolution
		Debug|Any CPU = Debug|Any CPU
		Debug|x64 = Debug|x64
		Debug|x86 = Debug|x86
		Release|Any CPU = Release|Any CPU
		Release|x64 = Release|x64
		Release|x86 = Release|x86
	EndGlobalSection
	GlobalSection(ProjectConfigurationPlatforms) = postSolution
		{F8C13FC6-00AF-4287-5D1E-336D535517D5}.Debug|Any CPU.ActiveCfg = Debug|Any CPU
		{F8C13FC6-00AF-4287-5D1E-336D535517D5}.Debug|Any CPU.Build.0 = Debug|Any CPU
		{F8C13FC6-00AF-4287-5D1E-336D535517D5}.Debug|x64.ActiveCfg = Debug|Any CPU
		{F8C13FC6-00AF-4287-5D1E-336D535517D5}.Debug|x64.Build.0 = Debug|Any CPU
		{F8C13FC6-00AF-4287-5D1E-336D535517D5}.Debug|x86.ActiveCfg = Debug|Any CPU
		{F8C13FC6-00AF-4287-5D1E-336D535517D5}.Debug|x86.Build.0 = Debug|Any CPU
		{F8C13FC6-00AF-4287-5D1E-336D535517D5}.Release|Any CPU.ActiveCfg = Release|Any CPU
		{F8C13FC6-00AF-4287-5D1E-336D535517D5}.Release|Any CPU.Build.0 = Release|Any CPU
		{F8C13FC6-00AF-4287-5D1E-336D535517D5}.Release|x64.ActiveCfg = Release|Any CPU
		{F8C13FC6-00AF-4287-5D1E-336D535517D5}.Release|x64.Build.0 = Release|Any CPU
		{F8C13FC6-00AF-4287-5D1E-336D535517D5}.Release|x86.ActiveCfg = Release|Any CPU
		{F8C13FC6-00AF-4287-5D1E-336D535517D5}.Release|x86.Build.0 = Release|Any CPU
		{1A6C0AA4-5C56-4123-87E7-4E5787876D6E}.Debug|Any CPU.ActiveCfg = Debug|Any CPU
		{1A6C0AA4-5C56-4123-87E7-4E5787876D6E}.Debug|Any CPU.Build.0 = Debug|Any CPU
		{1A6C0AA4-5C56-4123-87E7-4E5787876D6E}.Debug|x64.ActiveCfg = Debug|Any CPU
		{1A6C0AA4-5C56-4123-87E7-4E5787876D6E}.Debug|x64.Build.0 = Debug|Any CPU
		{1A6C0AA4-5C56-4123-87E7-4E5787876D6E}.Debug|x86.ActiveCfg = Debug|Any CPU
		{1A6C0AA4-5C56-4123-87E7-4E5787876D6E}.Debug|x86.Build.0 = Debug|Any CPU
		{1A6C0AA4-5C56-4123-87E7-4E5787876D6E}.Release|Any CPU.ActiveCfg = Release|Any CPU
		{1A6C0AA4-5C56-4123-87E7-4E5787876D6E}.Release|Any CPU.Build.0 = Release|Any CPU
		{1A6C0AA4-5C56-4123-87E7-4E5787876D6E}.Release|x64.ActiveCfg = Release|Any CPU
		{1A6C0AA4-5C56-4123-87E7-4E5787876D6E}.Release|x64.Build.0 = Release|Any CPU
		{1A6C0AA4-5C56-4123-87E7-4E5787876D6E}.Release|x86.ActiveCfg = Release|Any CPU
		{1A6C0AA4-5C56-4123-87E7-4E5787876D6E}.Release|x86.Build.0 = Release|Any CPU
		{4AB419E5-53E8-4FBE-952F-621B982D1E05}.Debug|Any CPU.ActiveCfg = Debug|Any CPU
		{4AB419E5-53E8-4FBE-952F-621B982D1E05}.Debug|Any CPU.Build.0 = Debug|Any CPU
		{4AB419E5-53E8-4FBE-952F-621B982D1E05}.Debug|x64.ActiveCfg = Debug|Any CPU
		{4AB419E5-53E8-4FBE-952F-621B982D1E05}.Debug|x64.Build.0 = Debug|Any CPU
		{4AB419E5-53E8-4FBE-952F-621B982D1E05}.Debug|x86.ActiveCfg = Debug|Any CPU
		{4AB419E5-53E8-4FBE-952F-621B982D1E05}.Debug|x86.Build.0 = Debug|Any CPU
		{4AB419E5-53E8-4FBE-952F-621B982D1E05}.Release|Any CPU.ActiveCfg = Release|Any CPU
		{4AB419E5-53E8-4FBE-952F-621B982D1E05}.Release|Any CPU.Build.0 = Release|Any CPU
		{4AB419E5-53E8-4FBE-952F-621B982D1E05}.Release|x64.ActiveCfg = Release|Any CPU
		{4AB419E5-53E8-4FBE-952F-621B982D1E05}.Release|x64.Build.0 = Release|Any CPU
		{4AB419E5-53E8-4FBE-952F-621B982D1E05}.Release|x86.ActiveCfg = Release|Any CPU
		{4AB419E5-53E8-4FBE-952F-621B982D1E05}.Release|x86.Build.0 = Release|Any CPU
		{47733BD4-48AF-4354-AF48-11DEBF6455B1}.Debug|Any CPU.ActiveCfg = Debug|Any CPU
		{47733BD4-48AF-4354-AF48-11DEBF6455B1}.Debug|Any CPU.Build.0 = Debug|Any CPU
		{47733BD4-48AF-4354-AF48-11DEBF6455B1}.Debug|x64.ActiveCfg = Debug|Any CPU
		{47733BD4-48AF-4354-AF48-11DEBF6455B1}.Debug|x64.Build.0 = Debug|Any CPU
		{47733BD4-48AF-4354-AF48-11DEBF6455B1}.Debug|x86.ActiveCfg = Debug|Any CPU
		{47733BD4-48AF-4354-AF48-11DEBF6455B1}.Debug|x86.Build.0 = Debug|Any CPU
		{47733BD4-48AF-4354-AF48-11DEBF6455B1}.Release|Any CPU.ActiveCfg = Release|Any CPU
		{47733BD4-48AF-4354-AF48-11DEBF6455B1}.Release|Any CPU.Build.0 = Release|Any CPU
		{47733BD4-48AF-4354-AF48-11DEBF6455B1}.Release|x64.ActiveCfg = Release|Any CPU
		{47733BD4-48AF-4354-AF48-11DEBF6455B1}.Release|x64.Build.0 = Release|Any CPU
		{47733BD4-48AF-4354-AF48-11DEBF6455B1}.Release|x86.ActiveCfg = Release|Any CPU
		{47733BD4-48AF-4354-AF48-11DEBF6455B1}.Release|x86.Build.0 = Release|Any CPU
		{CF0BF02A-0E3D-415A-B6D7-76CCE48D314F}.Debug|Any CPU.ActiveCfg = Debug|Any CPU
		{CF0BF02A-0E3D-415A-B6D7-76CCE48D314F}.Debug|Any CPU.Build.0 = Debug|Any CPU
		{CF0BF02A-0E3D-415A-B6D7-76CCE48D314F}.Debug|x64.ActiveCfg = Debug|Any CPU
		{CF0BF02A-0E3D-415A-B6D7-76CCE48D314F}.Debug|x64.Build.0 = Debug|Any CPU
		{CF0BF02A-0E3D-415A-B6D7-76CCE48D314F}.Debug|x86.ActiveCfg = Debug|Any CPU
		{CF0BF02A-0E3D-415A-B6D7-76CCE48D314F}.Debug|x86.Build.0 = Debug|Any CPU
		{CF0BF02A-0E3D-415A-B6D7-76CCE48D314F}.Release|Any CPU.ActiveCfg = Release|Any CPU
		{CF0BF02A-0E3D-415A-B6D7-76CCE48D314F}.Release|Any CPU.Build.0 = Release|Any CPU
		{CF0BF02A-0E3D-415A-B6D7-76CCE48D314F}.Release|x64.ActiveCfg = Release|Any CPU
		{CF0BF02A-0E3D-415A-B6D7-76CCE48D314F}.Release|x64.Build.0 = Release|Any CPU
		{CF0BF02A-0E3D-415A-B6D7-76CCE48D314F}.Release|x86.ActiveCfg = Release|Any CPU
		{CF0BF02A-0E3D-415A-B6D7-76CCE48D314F}.Release|x86.Build.0 = Release|Any CPU
		{B6BF09FA-F948-4C29-96CD-09C489B4A1F0}.Debug|Any CPU.ActiveCfg = Debug|Any CPU
		{B6BF09FA-F948-4C29-96CD-09C489B4A1F0}.Debug|Any CPU.Build.0 = Debug|Any CPU
		{B6BF09FA-F948-4C29-96CD-09C489B4A1F0}.Debug|x64.ActiveCfg = Debug|Any CPU
		{B6BF09FA-F948-4C29-96CD-09C489B4A1F0}.Debug|x64.Build.0 = Debug|Any CPU
		{B6BF09FA-F948-4C29-96CD-09C489B4A1F0}.Debug|x86.ActiveCfg = Debug|Any CPU
		{B6BF09FA-F948-4C29-96CD-09C489B4A1F0}.Debug|x86.Build.0 = Debug|Any CPU
		{B6BF09FA-F948-4C29-96CD-09C489B4A1F0}.Release|Any CPU.ActiveCfg = Release|Any CPU
		{B6BF09FA-F948-4C29-96CD-09C489B4A1F0}.Release|Any CPU.Build.0 = Release|Any CPU
		{B6BF09FA-F948-4C29-96CD-09C489B4A1F0}.Release|x64.ActiveCfg = Release|Any CPU
		{B6BF09FA-F948-4C29-96CD-09C489B4A1F0}.Release|x64.Build.0 = Release|Any CPU
		{B6BF09FA-F948-4C29-96CD-09C489B4A1F0}.Release|x86.ActiveCfg = Release|Any CPU
		{B6BF09FA-F948-4C29-96CD-09C489B4A1F0}.Release|x86.Build.0 = Release|Any CPU
		{5D207983-8FEB-467E-84D1-7A91200C4E80}.Debug|Any CPU.ActiveCfg = Debug|Any CPU
		{5D207983-8FEB-467E-84D1-7A91200C4E80}.Debug|Any CPU.Build.0 = Debug|Any CPU
		{5D207983-8FEB-467E-84D1-7A91200C4E80}.Debug|x64.ActiveCfg = Debug|Any CPU
		{5D207983-8FEB-467E-84D1-7A91200C4E80}.Debug|x64.Build.0 = Debug|Any CPU
		{5D207983-8FEB-467E-84D1-7A91200C4E80}.Debug|x86.ActiveCfg = Debug|Any CPU
		{5D207983-8FEB-467E-84D1-7A91200C4E80}.Debug|x86.Build.0 = Debug|Any CPU
		{5D207983-8FEB-467E-84D1-7A91200C4E80}.Release|Any CPU.ActiveCfg = Release|Any CPU
		{5D207983-8FEB-467E-84D1-7A91200C4E80}.Release|Any CPU.Build.0 = Release|Any CPU
		{5D207983-8FEB-467E-84D1-7A91200C4E80}.Release|x64.ActiveCfg = Release|Any CPU
		{5D207983-8FEB-467E-84D1-7A91200C4E80}.Release|x64.Build.0 = Release|Any CPU
		{5D207983-8FEB-467E-84D1-7A91200C4E80}.Release|x86.ActiveCfg = Release|Any CPU
		{5D207983-8FEB-467E-84D1-7A91200C4E80}.Release|x86.Build.0 = Release|Any CPU
		{2BAB7B47-9FAC-4B58-99A0-B6F72C5D1230}.Debug|Any CPU.ActiveCfg = Debug|Any CPU
		{2BAB7B47-9FAC-4B58-99A0-B6F72C5D1230}.Debug|Any CPU.Build.0 = Debug|Any CPU
		{2BAB7B47-9FAC-4B58-99A0-B6F72C5D1230}.Debug|x64.ActiveCfg = Debug|Any CPU
		{2BAB7B47-9FAC-4B58-99A0-B6F72C5D1230}.Debug|x64.Build.0 = Debug|Any CPU
		{2BAB7B47-9FAC-4B58-99A0-B6F72C5D1230}.Debug|x86.ActiveCfg = Debug|Any CPU
		{2BAB7B47-9FAC-4B58-99A0-B6F72C5D1230}.Debug|x86.Build.0 = Debug|Any CPU
		{2BAB7B47-9FAC-4B58-99A0-B6F72C5D1230}.Release|Any CPU.ActiveCfg = Release|Any CPU
		{2BAB7B47-9FAC-4B58-99A0-B6F72C5D1230}.Release|Any CPU.Build.0 = Release|Any CPU
		{2BAB7B47-9FAC-4B58-99A0-B6F72C5D1230}.Release|x64.ActiveCfg = Release|Any CPU
		{2BAB7B47-9FAC-4B58-99A0-B6F72C5D1230}.Release|x64.Build.0 = Release|Any CPU
		{2BAB7B47-9FAC-4B58-99A0-B6F72C5D1230}.Release|x86.ActiveCfg = Release|Any CPU
		{2BAB7B47-9FAC-4B58-99A0-B6F72C5D1230}.Release|x86.Build.0 = Release|Any CPU
	EndGlobalSection
	GlobalSection(SolutionProperties) = preSolution
		HideSolutionNode = FALSE
	EndGlobalSection
	GlobalSection(ExtensibilityGlobals) = postSolution
		SolutionGuid = {EB877EA2-4818-4629-9C99-780056D73040}
	EndGlobalSection
EndGlobal
